// !$*UTF8*$!
{
	archiveVersion = 1;
	classes = {
	};
	objectVersion = 46;
	objects = {

/* Begin PBXBuildFile section */
		895A165C13CBABF6000F4CE5 /* PdfAnnotations.m in Sources */ = {isa = PBXBuildFile; fileRef = 895A165B13CBABF6000F4CE5 /* PdfAnnotations.m */; };
		895A166013CBADFC000F4CE5 /* AnnotationData.m in Sources */ = {isa = PBXBuildFile; fileRef = 895A165F13CBADFC000F4CE5 /* AnnotationData.m */; };
		895D566713B9093600945CA4 /* UIKit.framework in Frameworks */ = {isa = PBXBuildFile; fileRef = 895D566613B9093600945CA4 /* UIKit.framework */; };
		895D566913B9093600945CA4 /* Foundation.framework in Frameworks */ = {isa = PBXBuildFile; fileRef = 895D566813B9093600945CA4 /* Foundation.framework */; };
		895D566B13B9093600945CA4 /* CoreGraphics.framework in Frameworks */ = {isa = PBXBuildFile; fileRef = 895D566A13B9093600945CA4 /* CoreGraphics.framework */; };
		895D567113B9093600945CA4 /* InfoPlist.strings in Resources */ = {isa = PBXBuildFile; fileRef = 895D566F13B9093600945CA4 /* InfoPlist.strings */; };
		895D567413B9093600945CA4 /* main.m in Sources */ = {isa = PBXBuildFile; fileRef = 895D567313B9093600945CA4 /* main.m */; };
		895D567713B9093600945CA4 /* formulateAppDelegate.m in Sources */ = {isa = PBXBuildFile; fileRef = 895D567613B9093600945CA4 /* formulateAppDelegate.m */; };
		895D567A13B9093600945CA4 /* MainWindow.xib in Resources */ = {isa = PBXBuildFile; fileRef = 895D567813B9093600945CA4 /* MainWindow.xib */; };
		895D567D13B9093600945CA4 /* FormulateViewController.m in Sources */ = {isa = PBXBuildFile; fileRef = 895D567C13B9093600945CA4 /* FormulateViewController.m */; };
		895D568713B9093600945CA4 /* UIKit.framework in Frameworks */ = {isa = PBXBuildFile; fileRef = 895D566613B9093600945CA4 /* UIKit.framework */; };
		895D568813B9093600945CA4 /* Foundation.framework in Frameworks */ = {isa = PBXBuildFile; fileRef = 895D566813B9093600945CA4 /* Foundation.framework */; };
		895D568913B9093600945CA4 /* CoreGraphics.framework in Frameworks */ = {isa = PBXBuildFile; fileRef = 895D566A13B9093600945CA4 /* CoreGraphics.framework */; };
		895D569113B9093600945CA4 /* InfoPlist.strings in Resources */ = {isa = PBXBuildFile; fileRef = 895D568F13B9093600945CA4 /* InfoPlist.strings */; };
		895D569413B9093600945CA4 /* formulateTests.h in Resources */ = {isa = PBXBuildFile; fileRef = 895D569313B9093600945CA4 /* formulateTests.h */; };
		895D569613B9093600945CA4 /* formulateTests.m in Sources */ = {isa = PBXBuildFile; fileRef = 895D569513B9093600945CA4 /* formulateTests.m */; };
		89B197F913BA368700E50D5F /* PdfHelper.m in Sources */ = {isa = PBXBuildFile; fileRef = 89B197F813BA368700E50D5F /* PdfHelper.m */; };
		89B197FC13BA464300E50D5F /* PdfHelperTests.m in Sources */ = {isa = PBXBuildFile; fileRef = 89B197FB13BA464300E50D5F /* PdfHelperTests.m */; };
		89D4D34A13CE00D200CD1455 /* SimpleCheckbox.m in Sources */ = {isa = PBXBuildFile; fileRef = 89D4D34913CE00D200CD1455 /* SimpleCheckbox.m */; };
		89D4D34D13CE22B100CD1455 /* checked.png in Resources */ = {isa = PBXBuildFile; fileRef = 89D4D34B13CE22B100CD1455 /* checked.png */; };
		89D4D34E13CE22B100CD1455 /* clear.png in Resources */ = {isa = PBXBuildFile; fileRef = 89D4D34C13CE22B100CD1455 /* clear.png */; };
		89D4D35113CE393900CD1455 /* SigningView.m in Sources */ = {isa = PBXBuildFile; fileRef = 89D4D35013CE393900CD1455 /* SigningView.m */; };
		89D4D37913CE39ED00CD1455 /* OpenGLES.framework in Frameworks */ = {isa = PBXBuildFile; fileRef = 89D4D37813CE39ED00CD1455 /* OpenGLES.framework */; };
		89D4D38113CE3AB900CD1455 /* UIImage+Alpha.m in Sources */ = {isa = PBXBuildFile; fileRef = 89D4D37C13CE3AB900CD1455 /* UIImage+Alpha.m */; };
		89D4D38213CE3AB900CD1455 /* UIImage+Resize.m in Sources */ = {isa = PBXBuildFile; fileRef = 89D4D37E13CE3AB900CD1455 /* UIImage+Resize.m */; };
		89D4D38313CE3AB900CD1455 /* UIImage+RoundedCorner.m in Sources */ = {isa = PBXBuildFile; fileRef = 89D4D38013CE3AB900CD1455 /* UIImage+RoundedCorner.m */; };
		89D4D38513CE3D3400CD1455 /* Particle.png in Resources */ = {isa = PBXBuildFile; fileRef = 89D4D38413CE3D3400CD1455 /* Particle.png */; };
		89D4D3EA13CFB04C00CD1455 /* FormulateViewContorller+MockFactory.m in Sources */ = {isa = PBXBuildFile; fileRef = 89D4D38713CF67D400CD1455 /* FormulateViewContorller+MockFactory.m */; };
		89D4D41313D0B69700CD1455 /* Base64Encoder.m in Sources */ = {isa = PBXBuildFile; fileRef = 89D4D41213D0B69700CD1455 /* Base64Encoder.m */; };
		89E201E413B92B9B00AE24CB /* LeavesCache.m in Sources */ = {isa = PBXBuildFile; fileRef = 89E201DF13B92B9B00AE24CB /* LeavesCache.m */; };
		89E201E513B92B9B00AE24CB /* LeavesView.m in Sources */ = {isa = PBXBuildFile; fileRef = 89E201E113B92B9B00AE24CB /* LeavesView.m */; };
		89E201E613B92B9B00AE24CB /* LeavesViewController.m in Sources */ = {isa = PBXBuildFile; fileRef = 89E201E313B92B9B00AE24CB /* LeavesViewController.m */; };
		89E201E813B92BE800AE24CB /* QuartzCore.framework in Frameworks */ = {isa = PBXBuildFile; fileRef = 89E201E713B92BE800AE24CB /* QuartzCore.framework */; };
		89E201EE13B930D500AE24CB /* Utilities.m in Sources */ = {isa = PBXBuildFile; fileRef = 89E201ED13B930D500AE24CB /* Utilities.m */; };
		89E2023B13B935B000AE24CB /* form.pdf in Resources */ = {isa = PBXBuildFile; fileRef = 89E2023A13B935B000AE24CB /* form.pdf */; };
/* End PBXBuildFile section */

/* Begin PBXContainerItemProxy section */
		895D568A13B9093600945CA4 /* PBXContainerItemProxy */ = {
			isa = PBXContainerItemProxy;
			containerPortal = 895D565913B9093600945CA4 /* Project object */;
			proxyType = 1;
			remoteGlobalIDString = 895D566113B9093600945CA4;
			remoteInfo = formulate;
		};
/* End PBXContainerItemProxy section */

/* Begin PBXFileReference section */
		895A165A13CBABF6000F4CE5 /* PdfAnnotations.h */ = {isa = PBXFileReference; fileEncoding = 4; lastKnownFileType = sourcecode.c.h; path = PdfAnnotations.h; sourceTree = "<group>"; };
		895A165B13CBABF6000F4CE5 /* PdfAnnotations.m */ = {isa = PBXFileReference; fileEncoding = 4; lastKnownFileType = sourcecode.c.objc; path = PdfAnnotations.m; sourceTree = "<group>"; };
		895A165E13CBADFC000F4CE5 /* AnnotationData.h */ = {isa = PBXFileReference; fileEncoding = 4; lastKnownFileType = sourcecode.c.h; path = AnnotationData.h; sourceTree = "<group>"; };
		895A165F13CBADFC000F4CE5 /* AnnotationData.m */ = {isa = PBXFileReference; fileEncoding = 4; lastKnownFileType = sourcecode.c.objc; path = AnnotationData.m; sourceTree = "<group>"; };
		895D566213B9093600945CA4 /* formulate.app */ = {isa = PBXFileReference; explicitFileType = wrapper.application; includeInIndex = 0; path = formulate.app; sourceTree = BUILT_PRODUCTS_DIR; };
		895D566613B9093600945CA4 /* UIKit.framework */ = {isa = PBXFileReference; lastKnownFileType = wrapper.framework; name = UIKit.framework; path = System/Library/Frameworks/UIKit.framework; sourceTree = SDKROOT; };
		895D566813B9093600945CA4 /* Foundation.framework */ = {isa = PBXFileReference; lastKnownFileType = wrapper.framework; name = Foundation.framework; path = System/Library/Frameworks/Foundation.framework; sourceTree = SDKROOT; };
		895D566A13B9093600945CA4 /* CoreGraphics.framework */ = {isa = PBXFileReference; lastKnownFileType = wrapper.framework; name = CoreGraphics.framework; path = System/Library/Frameworks/CoreGraphics.framework; sourceTree = SDKROOT; };
		895D566E13B9093600945CA4 /* formulate-Info.plist */ = {isa = PBXFileReference; lastKnownFileType = text.plist.xml; path = "formulate-Info.plist"; sourceTree = "<group>"; };
		895D567013B9093600945CA4 /* en */ = {isa = PBXFileReference; lastKnownFileType = text.plist.strings; name = en; path = en.lproj/InfoPlist.strings; sourceTree = "<group>"; };
		895D567213B9093600945CA4 /* formulate-Prefix.pch */ = {isa = PBXFileReference; lastKnownFileType = sourcecode.c.h; path = "formulate-Prefix.pch"; sourceTree = "<group>"; };
		895D567313B9093600945CA4 /* main.m */ = {isa = PBXFileReference; lastKnownFileType = sourcecode.c.objc; path = main.m; sourceTree = "<group>"; };
		895D567513B9093600945CA4 /* formulateAppDelegate.h */ = {isa = PBXFileReference; lastKnownFileType = sourcecode.c.h; path = formulateAppDelegate.h; sourceTree = "<group>"; };
		895D567613B9093600945CA4 /* formulateAppDelegate.m */ = {isa = PBXFileReference; lastKnownFileType = sourcecode.c.objc; path = formulateAppDelegate.m; sourceTree = "<group>"; };
		895D567913B9093600945CA4 /* en */ = {isa = PBXFileReference; lastKnownFileType = file.xib; name = en; path = en.lproj/MainWindow.xib; sourceTree = "<group>"; };
		895D567B13B9093600945CA4 /* FormulateViewController.h */ = {isa = PBXFileReference; lastKnownFileType = sourcecode.c.h; path = FormulateViewController.h; sourceTree = "<group>"; };
		895D567C13B9093600945CA4 /* FormulateViewController.m */ = {isa = PBXFileReference; lastKnownFileType = sourcecode.c.objc; path = FormulateViewController.m; sourceTree = "<group>"; };
		895D568613B9093600945CA4 /* formulateTests.octest */ = {isa = PBXFileReference; explicitFileType = wrapper.cfbundle; includeInIndex = 0; path = formulateTests.octest; sourceTree = BUILT_PRODUCTS_DIR; };
		895D568E13B9093600945CA4 /* formulateTests-Info.plist */ = {isa = PBXFileReference; lastKnownFileType = text.plist.xml; path = "formulateTests-Info.plist"; sourceTree = "<group>"; };
		895D569013B9093600945CA4 /* en */ = {isa = PBXFileReference; lastKnownFileType = text.plist.strings; name = en; path = en.lproj/InfoPlist.strings; sourceTree = "<group>"; };
		895D569213B9093600945CA4 /* formulateTests-Prefix.pch */ = {isa = PBXFileReference; lastKnownFileType = sourcecode.c.h; path = "formulateTests-Prefix.pch"; sourceTree = "<group>"; };
		895D569313B9093600945CA4 /* formulateTests.h */ = {isa = PBXFileReference; lastKnownFileType = sourcecode.c.h; path = formulateTests.h; sourceTree = "<group>"; };
		895D569513B9093600945CA4 /* formulateTests.m */ = {isa = PBXFileReference; lastKnownFileType = sourcecode.c.objc; path = formulateTests.m; sourceTree = "<group>"; };
		89B197F713BA368700E50D5F /* PdfHelper.h */ = {isa = PBXFileReference; fileEncoding = 4; lastKnownFileType = sourcecode.c.h; path = PdfHelper.h; sourceTree = "<group>"; };
		89B197F813BA368700E50D5F /* PdfHelper.m */ = {isa = PBXFileReference; fileEncoding = 4; lastKnownFileType = sourcecode.c.objc; path = PdfHelper.m; sourceTree = "<group>"; };
		89B197FA13BA464300E50D5F /* PdfHelperTests.h */ = {isa = PBXFileReference; fileEncoding = 4; lastKnownFileType = sourcecode.c.h; path = PdfHelperTests.h; sourceTree = "<group>"; };
		89B197FB13BA464300E50D5F /* PdfHelperTests.m */ = {isa = PBXFileReference; fileEncoding = 4; lastKnownFileType = sourcecode.c.objc; path = PdfHelperTests.m; sourceTree = "<group>"; };
		89D4D34813CE00D200CD1455 /* SimpleCheckbox.h */ = {isa = PBXFileReference; fileEncoding = 4; lastKnownFileType = sourcecode.c.h; path = SimpleCheckbox.h; sourceTree = "<group>"; };
		89D4D34913CE00D200CD1455 /* SimpleCheckbox.m */ = {isa = PBXFileReference; fileEncoding = 4; lastKnownFileType = sourcecode.c.objc; path = SimpleCheckbox.m; sourceTree = "<group>"; };
		89D4D34B13CE22B100CD1455 /* checked.png */ = {isa = PBXFileReference; lastKnownFileType = image.png; path = checked.png; sourceTree = "<group>"; };
		89D4D34C13CE22B100CD1455 /* clear.png */ = {isa = PBXFileReference; lastKnownFileType = image.png; path = clear.png; sourceTree = "<group>"; };
		89D4D34F13CE393900CD1455 /* SigningView.h */ = {isa = PBXFileReference; fileEncoding = 4; lastKnownFileType = sourcecode.c.h; path = SigningView.h; sourceTree = "<group>"; };
		89D4D35013CE393900CD1455 /* SigningView.m */ = {isa = PBXFileReference; fileEncoding = 4; lastKnownFileType = sourcecode.c.objc; path = SigningView.m; sourceTree = "<group>"; };
		89D4D37813CE39ED00CD1455 /* OpenGLES.framework */ = {isa = PBXFileReference; lastKnownFileType = wrapper.framework; name = OpenGLES.framework; path = System/Library/Frameworks/OpenGLES.framework; sourceTree = SDKROOT; };
		89D4D37B13CE3AB900CD1455 /* UIImage+Alpha.h */ = {isa = PBXFileReference; fileEncoding = 4; lastKnownFileType = sourcecode.c.h; path = "UIImage+Alpha.h"; sourceTree = "<group>"; };
		89D4D37C13CE3AB900CD1455 /* UIImage+Alpha.m */ = {isa = PBXFileReference; fileEncoding = 4; lastKnownFileType = sourcecode.c.objc; path = "UIImage+Alpha.m"; sourceTree = "<group>"; };
		89D4D37D13CE3AB900CD1455 /* UIImage+Resize.h */ = {isa = PBXFileReference; fileEncoding = 4; lastKnownFileType = sourcecode.c.h; path = "UIImage+Resize.h"; sourceTree = "<group>"; };
		89D4D37E13CE3AB900CD1455 /* UIImage+Resize.m */ = {isa = PBXFileReference; fileEncoding = 4; lastKnownFileType = sourcecode.c.objc; path = "UIImage+Resize.m"; sourceTree = "<group>"; };
		89D4D37F13CE3AB900CD1455 /* UIImage+RoundedCorner.h */ = {isa = PBXFileReference; fileEncoding = 4; lastKnownFileType = sourcecode.c.h; path = "UIImage+RoundedCorner.h"; sourceTree = "<group>"; };
		89D4D38013CE3AB900CD1455 /* UIImage+RoundedCorner.m */ = {isa = PBXFileReference; fileEncoding = 4; lastKnownFileType = sourcecode.c.objc; path = "UIImage+RoundedCorner.m"; sourceTree = "<group>"; };
		89D4D38413CE3D3400CD1455 /* Particle.png */ = {isa = PBXFileReference; lastKnownFileType = image.png; name = Particle.png; path = formulate/Particle.png; sourceTree = "<group>"; };
		89D4D38613CF67D400CD1455 /* FormulateViewContorller+MockFactory.h */ = {isa = PBXFileReference; fileEncoding = 4; lastKnownFileType = sourcecode.c.h; path = "FormulateViewContorller+MockFactory.h"; sourceTree = "<group>"; };
		89D4D38713CF67D400CD1455 /* FormulateViewContorller+MockFactory.m */ = {isa = PBXFileReference; fileEncoding = 4; lastKnownFileType = sourcecode.c.objc; path = "FormulateViewContorller+MockFactory.m"; sourceTree = "<group>"; };
		89D4D3BE13CFA05400CD1455 /* libOCMock.a */ = {isa = PBXFileReference; lastKnownFileType = archive.ar; path = libOCMock.a; sourceTree = "<group>"; };
		89D4D41113D0B69700CD1455 /* Base64Encoder.h */ = {isa = PBXFileReference; fileEncoding = 4; lastKnownFileType = sourcecode.c.h; path = Base64Encoder.h; sourceTree = "<group>"; };
		89D4D41213D0B69700CD1455 /* Base64Encoder.m */ = {isa = PBXFileReference; fileEncoding = 4; lastKnownFileType = sourcecode.c.objc; path = Base64Encoder.m; sourceTree = "<group>"; };
		89E201DE13B92B9B00AE24CB /* LeavesCache.h */ = {isa = PBXFileReference; fileEncoding = 4; lastKnownFileType = sourcecode.c.h; name = LeavesCache.h; path = leaves/Leaves/LeavesCache.h; sourceTree = "<group>"; };
		89E201DF13B92B9B00AE24CB /* LeavesCache.m */ = {isa = PBXFileReference; fileEncoding = 4; lastKnownFileType = sourcecode.c.objc; name = LeavesCache.m; path = leaves/Leaves/LeavesCache.m; sourceTree = "<group>"; };
		89E201E013B92B9B00AE24CB /* LeavesView.h */ = {isa = PBXFileReference; fileEncoding = 4; lastKnownFileType = sourcecode.c.h; name = LeavesView.h; path = leaves/Leaves/LeavesView.h; sourceTree = "<group>"; };
		89E201E113B92B9B00AE24CB /* LeavesView.m */ = {isa = PBXFileReference; fileEncoding = 4; lastKnownFileType = sourcecode.c.objc; name = LeavesView.m; path = leaves/Leaves/LeavesView.m; sourceTree = "<group>"; };
		89E201E213B92B9B00AE24CB /* LeavesViewController.h */ = {isa = PBXFileReference; fileEncoding = 4; lastKnownFileType = sourcecode.c.h; name = LeavesViewController.h; path = leaves/Leaves/LeavesViewController.h; sourceTree = "<group>"; };
		89E201E313B92B9B00AE24CB /* LeavesViewController.m */ = {isa = PBXFileReference; fileEncoding = 4; lastKnownFileType = sourcecode.c.objc; name = LeavesViewController.m; path = leaves/Leaves/LeavesViewController.m; sourceTree = "<group>"; };
		89E201E713B92BE800AE24CB /* QuartzCore.framework */ = {isa = PBXFileReference; lastKnownFileType = wrapper.framework; name = QuartzCore.framework; path = System/Library/Frameworks/QuartzCore.framework; sourceTree = SDKROOT; };
		89E201EC13B930D500AE24CB /* Utilities.h */ = {isa = PBXFileReference; fileEncoding = 4; lastKnownFileType = sourcecode.c.h; name = Utilities.h; path = "leaves/Other Sources/Utilities.h"; sourceTree = SOURCE_ROOT; };
		89E201ED13B930D500AE24CB /* Utilities.m */ = {isa = PBXFileReference; fileEncoding = 4; lastKnownFileType = sourcecode.c.objc; name = Utilities.m; path = "leaves/Other Sources/Utilities.m"; sourceTree = SOURCE_ROOT; };
		89E2023A13B935B000AE24CB /* form.pdf */ = {isa = PBXFileReference; lastKnownFileType = image.pdf; path = form.pdf; sourceTree = "<group>"; };
/* End PBXFileReference section */

/* Begin PBXFrameworksBuildPhase section */
		895D565F13B9093600945CA4 /* Frameworks */ = {
			isa = PBXFrameworksBuildPhase;
			buildActionMask = 2147483647;
			files = (
				89D4D37913CE39ED00CD1455 /* OpenGLES.framework in Frameworks */,
				89E201E813B92BE800AE24CB /* QuartzCore.framework in Frameworks */,
				895D566713B9093600945CA4 /* UIKit.framework in Frameworks */,
				895D566913B9093600945CA4 /* Foundation.framework in Frameworks */,
				895D566B13B9093600945CA4 /* CoreGraphics.framework in Frameworks */,
			);
			runOnlyForDeploymentPostprocessing = 0;
		};
		895D568213B9093600945CA4 /* Frameworks */ = {
			isa = PBXFrameworksBuildPhase;
			buildActionMask = 2147483647;
			files = (
				895D568713B9093600945CA4 /* UIKit.framework in Frameworks */,
				895D568813B9093600945CA4 /* Foundation.framework in Frameworks */,
				895D568913B9093600945CA4 /* CoreGraphics.framework in Frameworks */,
			);
			runOnlyForDeploymentPostprocessing = 0;
		};
/* End PBXFrameworksBuildPhase section */

/* Begin PBXGroup section */
		895D565713B9093600945CA4 = {
			isa = PBXGroup;
			children = (
				89D4D3B513CFA05400CD1455 /* Libraries */,
				89D4D38413CE3D3400CD1455 /* Particle.png */,
				89D4D37A13CE3AB900CD1455 /* ImageBase */,
				89E201E913B92CDF00AE24CB /* Resources */,
				89E201DC13B92B8200AE24CB /* leaves */,
				895D566C13B9093600945CA4 /* formulate */,
				895D568C13B9093600945CA4 /* formulateTests */,
				895D566513B9093600945CA4 /* Frameworks */,
				895D566313B9093600945CA4 /* Products */,
			);
			sourceTree = "<group>";
		};
		895D566313B9093600945CA4 /* Products */ = {
			isa = PBXGroup;
			children = (
				895D566213B9093600945CA4 /* formulate.app */,
				895D568613B9093600945CA4 /* formulateTests.octest */,
			);
			name = Products;
			sourceTree = "<group>";
		};
		895D566513B9093600945CA4 /* Frameworks */ = {
			isa = PBXGroup;
			children = (
				89D4D37813CE39ED00CD1455 /* OpenGLES.framework */,
				89E201E713B92BE800AE24CB /* QuartzCore.framework */,
				895D566613B9093600945CA4 /* UIKit.framework */,
				895D566813B9093600945CA4 /* Foundation.framework */,
				895D566A13B9093600945CA4 /* CoreGraphics.framework */,
			);
			name = Frameworks;
			sourceTree = "<group>";
		};
		895D566C13B9093600945CA4 /* formulate */ = {
			isa = PBXGroup;
			children = (
				89D4D3C913CFA62900CD1455 /* Controllers */,
				89D4D34613CE00B200CD1455 /* Controls */,
				89B197F613BA366400E50D5F /* Models */,
				895D567513B9093600945CA4 /* formulateAppDelegate.h */,
				895D567613B9093600945CA4 /* formulateAppDelegate.m */,
				895D566D13B9093600945CA4 /* Supporting Files */,
			);
			path = formulate;
			sourceTree = "<group>";
		};
		895D566D13B9093600945CA4 /* Supporting Files */ = {
			isa = PBXGroup;
			children = (
				89D4D41113D0B69700CD1455 /* Base64Encoder.h */,
				89D4D41213D0B69700CD1455 /* Base64Encoder.m */,
				89D4D34B13CE22B100CD1455 /* checked.png */,
				89D4D34C13CE22B100CD1455 /* clear.png */,
				89E2023A13B935B000AE24CB /* form.pdf */,
				895D567813B9093600945CA4 /* MainWindow.xib */,
				89E201EC13B930D500AE24CB /* Utilities.h */,
				89E201ED13B930D500AE24CB /* Utilities.m */,
				895D566E13B9093600945CA4 /* formulate-Info.plist */,
				895D566F13B9093600945CA4 /* InfoPlist.strings */,
				895D567213B9093600945CA4 /* formulate-Prefix.pch */,
				895D567313B9093600945CA4 /* main.m */,
			);
			name = "Supporting Files";
			sourceTree = "<group>";
		};
		895D568C13B9093600945CA4 /* formulateTests */ = {
			isa = PBXGroup;
			children = (
				895D569313B9093600945CA4 /* formulateTests.h */,
				895D569513B9093600945CA4 /* formulateTests.m */,
				895D568D13B9093600945CA4 /* Supporting Files */,
				89B197FA13BA464300E50D5F /* PdfHelperTests.h */,
				89B197FB13BA464300E50D5F /* PdfHelperTests.m */,
				89D4D38613CF67D400CD1455 /* FormulateViewContorller+MockFactory.h */,
				89D4D38713CF67D400CD1455 /* FormulateViewContorller+MockFactory.m */,
			);
			path = formulateTests;
			sourceTree = "<group>";
		};
		895D568D13B9093600945CA4 /* Supporting Files */ = {
			isa = PBXGroup;
			children = (
				895D568E13B9093600945CA4 /* formulateTests-Info.plist */,
				895D568F13B9093600945CA4 /* InfoPlist.strings */,
				895D569213B9093600945CA4 /* formulateTests-Prefix.pch */,
			);
			name = "Supporting Files";
			sourceTree = "<group>";
		};
		89B197F613BA366400E50D5F /* Models */ = {
			isa = PBXGroup;
			children = (
				89B197F713BA368700E50D5F /* PdfHelper.h */,
				89B197F813BA368700E50D5F /* PdfHelper.m */,
				895A165A13CBABF6000F4CE5 /* PdfAnnotations.h */,
				895A165B13CBABF6000F4CE5 /* PdfAnnotations.m */,
				895A165E13CBADFC000F4CE5 /* AnnotationData.h */,
				895A165F13CBADFC000F4CE5 /* AnnotationData.m */,
			);
			name = Models;
			sourceTree = "<group>";
		};
		89D4D34613CE00B200CD1455 /* Controls */ = {
			isa = PBXGroup;
			children = (
				89D4D34F13CE393900CD1455 /* SigningView.h */,
				89D4D35013CE393900CD1455 /* SigningView.m */,
				89D4D34813CE00D200CD1455 /* SimpleCheckbox.h */,
				89D4D34913CE00D200CD1455 /* SimpleCheckbox.m */,
			);
			name = Controls;
			sourceTree = "<group>";
		};
		89D4D37A13CE3AB900CD1455 /* ImageBase */ = {
			isa = PBXGroup;
			children = (
				89D4D37B13CE3AB900CD1455 /* UIImage+Alpha.h */,
				89D4D37C13CE3AB900CD1455 /* UIImage+Alpha.m */,
				89D4D37D13CE3AB900CD1455 /* UIImage+Resize.h */,
				89D4D37E13CE3AB900CD1455 /* UIImage+Resize.m */,
				89D4D37F13CE3AB900CD1455 /* UIImage+RoundedCorner.h */,
				89D4D38013CE3AB900CD1455 /* UIImage+RoundedCorner.m */,
			);
			name = ImageBase;
			path = formulate/ImageBase;
			sourceTree = "<group>";
		};
		89D4D3B513CFA05400CD1455 /* Libraries */ = {
			isa = PBXGroup;
			children = (
				89D4D3BE13CFA05400CD1455 /* libOCMock.a */,
			);
			path = Libraries;
			sourceTree = "<group>";
		};
		89D4D3C913CFA62900CD1455 /* Controllers */ = {
			isa = PBXGroup;
			children = (
				895D567B13B9093600945CA4 /* FormulateViewController.h */,
				895D567C13B9093600945CA4 /* FormulateViewController.m */,
			);
			name = Controllers;
			sourceTree = "<group>";
		};
		89E201DC13B92B8200AE24CB /* leaves */ = {
			isa = PBXGroup;
			children = (
				89E201DE13B92B9B00AE24CB /* LeavesCache.h */,
				89E201DF13B92B9B00AE24CB /* LeavesCache.m */,
				89E201E013B92B9B00AE24CB /* LeavesView.h */,
				89E201E113B92B9B00AE24CB /* LeavesView.m */,
				89E201E213B92B9B00AE24CB /* LeavesViewController.h */,
				89E201E313B92B9B00AE24CB /* LeavesViewController.m */,
			);
			name = leaves;
			sourceTree = "<group>";
		};
		89E201E913B92CDF00AE24CB /* Resources */ = {
			isa = PBXGroup;
			children = (
			);
			name = Resources;
			sourceTree = "<group>";
		};
/* End PBXGroup section */

/* Begin PBXNativeTarget section */
		895D566113B9093600945CA4 /* formulate */ = {
			isa = PBXNativeTarget;
			buildConfigurationList = 895D569913B9093600945CA4 /* Build configuration list for PBXNativeTarget "formulate" */;
			buildPhases = (
				895D565E13B9093600945CA4 /* Sources */,
				895D565F13B9093600945CA4 /* Frameworks */,
				895D566013B9093600945CA4 /* Resources */,
			);
			buildRules = (
			);
			dependencies = (
			);
			name = formulate;
			productName = formulate;
			productReference = 895D566213B9093600945CA4 /* formulate.app */;
			productType = "com.apple.product-type.application";
		};
		895D568513B9093600945CA4 /* formulateTests */ = {
			isa = PBXNativeTarget;
			buildConfigurationList = 895D569C13B9093600945CA4 /* Build configuration list for PBXNativeTarget "formulateTests" */;
			buildPhases = (
				895D568313B9093600945CA4 /* Resources */,
				895D568113B9093600945CA4 /* Sources */,
				895D568213B9093600945CA4 /* Frameworks */,
				895D568413B9093600945CA4 /* Run Script */,
			);
			buildRules = (
			);
			dependencies = (
				895D568B13B9093600945CA4 /* PBXTargetDependency */,
			);
			name = formulateTests;
			productName = formulateTests;
			productReference = 895D568613B9093600945CA4 /* formulateTests.octest */;
			productType = "com.apple.product-type.bundle";
		};
/* End PBXNativeTarget section */

/* Begin PBXProject section */
		895D565913B9093600945CA4 /* Project object */ = {
			isa = PBXProject;
			attributes = {
				ORGANIZATIONNAME = ssSoftwareCreations;
			};
			buildConfigurationList = 895D565C13B9093600945CA4 /* Build configuration list for PBXProject "formulate" */;
			compatibilityVersion = "Xcode 3.2";
			developmentRegion = English;
			hasScannedForEncodings = 0;
			knownRegions = (
				en,
			);
			mainGroup = 895D565713B9093600945CA4;
			productRefGroup = 895D566313B9093600945CA4 /* Products */;
			projectDirPath = "";
			projectRoot = "";
			targets = (
				895D566113B9093600945CA4 /* formulate */,
				895D568513B9093600945CA4 /* formulateTests */,
			);
		};
/* End PBXProject section */

/* Begin PBXResourcesBuildPhase section */
		895D566013B9093600945CA4 /* Resources */ = {
			isa = PBXResourcesBuildPhase;
			buildActionMask = 2147483647;
			files = (
				895D567113B9093600945CA4 /* InfoPlist.strings in Resources */,
				895D567A13B9093600945CA4 /* MainWindow.xib in Resources */,
				89E2023B13B935B000AE24CB /* form.pdf in Resources */,
				89D4D34D13CE22B100CD1455 /* checked.png in Resources */,
				89D4D34E13CE22B100CD1455 /* clear.png in Resources */,
				89D4D38513CE3D3400CD1455 /* Particle.png in Resources */,
			);
			runOnlyForDeploymentPostprocessing = 0;
		};
		895D568313B9093600945CA4 /* Resources */ = {
			isa = PBXResourcesBuildPhase;
			buildActionMask = 2147483647;
			files = (
				895D569113B9093600945CA4 /* InfoPlist.strings in Resources */,
				895D569413B9093600945CA4 /* formulateTests.h in Resources */,
			);
			runOnlyForDeploymentPostprocessing = 0;
		};
/* End PBXResourcesBuildPhase section */

/* Begin PBXShellScriptBuildPhase section */
		895D568413B9093600945CA4 /* Run Script */ = {
			isa = PBXShellScriptBuildPhase;
			buildActionMask = 2147483647;
			files = (
			);
			inputPaths = (
			);
			name = "Run Script";
			outputPaths = (
			);
			runOnlyForDeploymentPostprocessing = 0;
			shellPath = /bin/sh;
			shellScript = "# Run the unit tests in this test bundle.\n\"${SYSTEM_DEVELOPER_DIR}/Tools/RunUnitTests\"\n";
		};
/* End PBXShellScriptBuildPhase section */

/* Begin PBXSourcesBuildPhase section */
		895D565E13B9093600945CA4 /* Sources */ = {
			isa = PBXSourcesBuildPhase;
			buildActionMask = 2147483647;
			files = (
				895D567413B9093600945CA4 /* main.m in Sources */,
				895D567713B9093600945CA4 /* formulateAppDelegate.m in Sources */,
				895D567D13B9093600945CA4 /* FormulateViewController.m in Sources */,
				89E201E413B92B9B00AE24CB /* LeavesCache.m in Sources */,
				89E201E513B92B9B00AE24CB /* LeavesView.m in Sources */,
				89E201E613B92B9B00AE24CB /* LeavesViewController.m in Sources */,
				89E201EE13B930D500AE24CB /* Utilities.m in Sources */,
				89B197F913BA368700E50D5F /* PdfHelper.m in Sources */,
				895A165C13CBABF6000F4CE5 /* PdfAnnotations.m in Sources */,
				895A166013CBADFC000F4CE5 /* AnnotationData.m in Sources */,
				89D4D34A13CE00D200CD1455 /* SimpleCheckbox.m in Sources */,
				89D4D35113CE393900CD1455 /* SigningView.m in Sources */,
				89D4D38113CE3AB900CD1455 /* UIImage+Alpha.m in Sources */,
				89D4D38213CE3AB900CD1455 /* UIImage+Resize.m in Sources */,
				89D4D38313CE3AB900CD1455 /* UIImage+RoundedCorner.m in Sources */,
				89D4D41313D0B69700CD1455 /* Base64Encoder.m in Sources */,
			);
			runOnlyForDeploymentPostprocessing = 0;
		};
		895D568113B9093600945CA4 /* Sources */ = {
			isa = PBXSourcesBuildPhase;
			buildActionMask = 2147483647;
			files = (
				895D569613B9093600945CA4 /* formulateTests.m in Sources */,
				89B197FC13BA464300E50D5F /* PdfHelperTests.m in Sources */,
				89D4D3EA13CFB04C00CD1455 /* FormulateViewContorller+MockFactory.m in Sources */,
			);
			runOnlyForDeploymentPostprocessing = 0;
		};
/* End PBXSourcesBuildPhase section */

/* Begin PBXTargetDependency section */
		895D568B13B9093600945CA4 /* PBXTargetDependency */ = {
			isa = PBXTargetDependency;
			target = 895D566113B9093600945CA4 /* formulate */;
			targetProxy = 895D568A13B9093600945CA4 /* PBXContainerItemProxy */;
		};
/* End PBXTargetDependency section */

/* Begin PBXVariantGroup section */
		895D566F13B9093600945CA4 /* InfoPlist.strings */ = {
			isa = PBXVariantGroup;
			children = (
				895D567013B9093600945CA4 /* en */,
			);
			name = InfoPlist.strings;
			sourceTree = "<group>";
		};
		895D567813B9093600945CA4 /* MainWindow.xib */ = {
			isa = PBXVariantGroup;
			children = (
				895D567913B9093600945CA4 /* en */,
			);
			name = MainWindow.xib;
			sourceTree = "<group>";
		};
		895D568F13B9093600945CA4 /* InfoPlist.strings */ = {
			isa = PBXVariantGroup;
			children = (
				895D569013B9093600945CA4 /* en */,
			);
			name = InfoPlist.strings;
			sourceTree = "<group>";
		};
/* End PBXVariantGroup section */

/* Begin XCBuildConfiguration section */
		895D569713B9093600945CA4 /* Debug */ = {
			isa = XCBuildConfiguration;
			buildSettings = {
				ARCHS = "$(ARCHS_STANDARD_32_BIT)";
				"CODE_SIGN_IDENTITY[sdk=iphoneos*]" = "iPhone Developer";
				GCC_C_LANGUAGE_STANDARD = gnu99;
				GCC_OPTIMIZATION_LEVEL = 0;
				GCC_PREPROCESSOR_DEFINITIONS = DEBUG;
				GCC_SYMBOLS_PRIVATE_EXTERN = NO;
				GCC_VERSION = com.apple.compilers.llvmgcc42;
				GCC_WARN_ABOUT_RETURN_TYPE = YES;
				GCC_WARN_UNUSED_VARIABLE = YES;
				IPHONEOS_DEPLOYMENT_TARGET = 4.3;
				SDKROOT = iphoneos;
				TARGETED_DEVICE_FAMILY = 2;
			};
			name = Debug;
		};
		895D569813B9093600945CA4 /* Release */ = {
			isa = XCBuildConfiguration;
			buildSettings = {
				ARCHS = "$(ARCHS_STANDARD_32_BIT)";
				"CODE_SIGN_IDENTITY[sdk=iphoneos*]" = "iPhone Developer";
				GCC_C_LANGUAGE_STANDARD = gnu99;
				GCC_VERSION = com.apple.compilers.llvmgcc42;
				GCC_WARN_ABOUT_RETURN_TYPE = YES;
				GCC_WARN_UNUSED_VARIABLE = YES;
				IPHONEOS_DEPLOYMENT_TARGET = 4.3;
				OTHER_CFLAGS = "-DNS_BLOCK_ASSERTIONS=1";
				SDKROOT = iphoneos;
				TARGETED_DEVICE_FAMILY = 2;
			};
			name = Release;
		};
		895D569A13B9093600945CA4 /* Debug */ = {
			isa = XCBuildConfiguration;
			buildSettings = {
				ALWAYS_SEARCH_USER_PATHS = NO;
				COPY_PHASE_STRIP = NO;
				GCC_DYNAMIC_NO_PIC = NO;
				GCC_PRECOMPILE_PREFIX_HEADER = YES;
				GCC_PREFIX_HEADER = "formulate/formulate-Prefix.pch";
				INFOPLIST_FILE = "formulate/formulate-Info.plist";
				PRODUCT_NAME = "$(TARGET_NAME)";
				WRAPPER_EXTENSION = app;
			};
			name = Debug;
		};
		895D569B13B9093600945CA4 /* Release */ = {
			isa = XCBuildConfiguration;
			buildSettings = {
				ALWAYS_SEARCH_USER_PATHS = NO;
				COPY_PHASE_STRIP = YES;
				GCC_PRECOMPILE_PREFIX_HEADER = YES;
				GCC_PREFIX_HEADER = "formulate/formulate-Prefix.pch";
				INFOPLIST_FILE = "formulate/formulate-Info.plist";
				PRODUCT_NAME = "$(TARGET_NAME)";
				VALIDATE_PRODUCT = YES;
				WRAPPER_EXTENSION = app;
			};
			name = Release;
		};
		895D569D13B9093600945CA4 /* Debug */ = {
			isa = XCBuildConfiguration;
			buildSettings = {
				ALWAYS_SEARCH_USER_PATHS = NO;
				BUNDLE_LOADER = "$(BUILT_PRODUCTS_DIR)/formulate.app/formulate";
				FRAMEWORK_SEARCH_PATHS = (
					"\"$(SDKROOT)/Developer/Library/Frameworks\"",
					"\"$(DEVELOPER_LIBRARY_DIR)/Frameworks\"",
				);
				GCC_PRECOMPILE_PREFIX_HEADER = NO;
				GCC_PREFIX_HEADER = "formulateTests/formulateTests-Prefix.pch";
				HEADER_SEARCH_PATHS = (
					"$(PROJECT_DIR)/Libraries/Headers/**",
					"Headers/**",
				);
				INFOPLIST_FILE = "formulateTests/formulateTests-Info.plist";
				LIBRARY_SEARCH_PATHS = (
					"$(inherited)",
					"\"$(SRCROOT)\"",
					"\"$(PROJECT_DIR)/Libraries\"/**",
					"\"$(SRCROOT)/Libraries/Headers/\"",
				);
				OTHER_LDFLAGS = (
					"-force_load",
					"$(PROJECT_DIR)/Libraries/libOCMock.a",
					"-ObjC",
					"-framework",
					SenTestingKit,
				);
				PRODUCT_NAME = "$(TARGET_NAME)";
				TEST_HOST = "$(BUNDLE_LOADER)";
				WRAPPER_EXTENSION = octest;
			};
			name = Debug;
		};
		895D569E13B9093600945CA4 /* Release */ = {
			isa = XCBuildConfiguration;
			buildSettings = {
				ALWAYS_SEARCH_USER_PATHS = NO;
				BUNDLE_LOADER = "$(BUILT_PRODUCTS_DIR)/formulate.app/formulate";
				FRAMEWORK_SEARCH_PATHS = (
					"\"$(SDKROOT)/Developer/Library/Frameworks\"",
					"\"$(DEVELOPER_LIBRARY_DIR)/Frameworks\"",
				);
				GCC_PRECOMPILE_PREFIX_HEADER = NO;
				GCC_PREFIX_HEADER = "formulateTests/formulateTests-Prefix.pch";
				HEADER_SEARCH_PATHS = "";
				INFOPLIST_FILE = "formulateTests/formulateTests-Info.plist";
				LIBRARY_SEARCH_PATHS = (
					"$(inherited)",
					"\"$(SRCROOT)\"",
					"\"$(PROJECT_DIR)/Libraries\"/**",
					"\"$(SRCROOT)/Libraries/Headers/\"",
				);
				OTHER_LDFLAGS = (
					SenTestingKit,
					"-force_load",
					"$(PROJECT_DIR)/Libraries/libOCMock.a",
					"-ObjC",
				);
				PRODUCT_NAME = "$(TARGET_NAME)";
				TEST_HOST = "$(BUNDLE_LOADER)";
				WRAPPER_EXTENSION = octest;
			};
			name = Release;
		};
/* End XCBuildConfiguration section */

/* Begin XCConfigurationList section */
		895D565C13B9093600945CA4 /* Build configuration list for PBXProject "formulate" */ = {
			isa = XCConfigurationList;
			buildConfigurations = (
				895D569713B9093600945CA4 /* Debug */,
				895D569813B9093600945CA4 /* Release */,
			);
			defaultConfigurationIsVisible = 0;
			defaultConfigurationName = Release;
		};
		895D569913B9093600945CA4 /* Build configuration list for PBXNativeTarget "formulate" */ = {
			isa = XCConfigurationList;
			buildConfigurations = (
				895D569A13B9093600945CA4 /* Debug */,
				895D569B13B9093600945CA4 /* Release */,
			);
			defaultConfigurationIsVisible = 0;
			defaultConfigurationName = Release;
		};
		895D569C13B9093600945CA4 /* Build configuration list for PBXNativeTarget "formulateTests" */ = {
			isa = XCConfigurationList;
			buildConfigurations = (
				895D569D13B9093600945CA4 /* Debug */,
				895D569E13B9093600945CA4 /* Release */,
			);
			defaultConfigurationIsVisible = 0;
			defaultConfigurationName = Release;
		};
/* End XCConfigurationList section */
	};
	rootObject = 895D565913B9093600945CA4 /* Project object */;
}
